
Microsoft Visual Studio Solution File, Format Version 12.00
# Visual Studio Version 17
VisualStudioVersion = 17.4.33213.308
MinimumVisualStudioVersion = 10.0.40219.1
Project("{FAE04EC0-301F-11D3-BF4B-00C04F79EFBC}") = "Курсач опбд версия 2", "Курсач опбд версия 2\Курсач опбд версия 2.csproj", "{987A4620-06B8-4924-90C8-0BBCA68F3401}"
EndProject
Global
	GlobalSection(SolutionConfigurationPlatforms) = preSolution
		Debug|Any CPU = Debug|Any CPU
		Release|Any CPU = Release|Any CPU
	EndGlobalSection
	GlobalSection(ProjectConfigurationPlatforms) = postSolution
		{987A4620-06B8-4924-90C8-0BBCA68F3401}.Debug|Any CPU.ActiveCfg = Debug|Any CPU
		{987A4620-06B8-4924-90C8-0BBCA68F3401}.Debug|Any CPU.Build.0 = Debug|Any CPU
		{987A4620-06B8-4924-90C8-0BBCA68F3401}.Release|Any CPU.ActiveCfg = Release|Any CPU
		{987A4620-06B8-4924-90C8-0BBCA68F3401}.Release|Any CPU.Build.0 = Release|Any CPU
	EndGlobalSection
	GlobalSection(SolutionProperties) = preSolution
		HideSolutionNode = FALSE
	EndGlobalSection
	GlobalSection(ExtensibilityGlobals) = postSolution
		SolutionGuid = {0BBDBF0D-723B-49E0-A5C6-CA9A7ABF1A3E}
	EndGlobalSection
EndGlobal
